
Microsoft Visual Studio Solution File, Format Version 12.00
# Visual Studio Version 16
VisualStudioVersion = 16.0.30320.27
MinimumVisualStudioVersion = 10.0.40219.1
Project("{2150E333-8FDC-42A3-9474-1A3956D46DE8}") = "src", "src", "{53D175BF-8A45-4A27-9E6B-8805AACA9039}"
EndProject
Project("{2150E333-8FDC-42A3-9474-1A3956D46DE8}") = "test", "test", "{96A12110-8F68-4D26-818F-0977C264AD6B}"
EndProject
Project("{2150E333-8FDC-42A3-9474-1A3956D46DE8}") = "microservices", "microservices", "{042ED3CA-A7DF-444D-BF87-74D141194F79}"
EndProject
Project("{2150E333-8FDC-42A3-9474-1A3956D46DE8}") = "gateways", "gateways", "{30F65353-DA97-4A1B-926E-A4BB440B5252}"
EndProject
Project("{2150E333-8FDC-42A3-9474-1A3956D46DE8}") = "middlewares", "middlewares", "{0AAB48AF-69D4-4064-9DC7-E32B5B1834B9}"
EndProject
Project("{9A19103F-16F7-4668-BE54-9A1E7A4F7556}") = "Middleware", "src\middlewares\Middleware\Middleware.csproj", "{2D3C353A-58A2-441F-AF30-F14AE08A0D53}"
EndProject
Project("{9A19103F-16F7-4668-BE54-9A1E7A4F7556}") = "IdentityMicroservice.UnitTest", "test\IdentityMicroservice.UnitTest\IdentityMicroservice.UnitTest.csproj", "{2E898CDE-8B5F-41E6-82B6-5C08329AB10F}"
EndProject
Project("{9A19103F-16F7-4668-BE54-9A1E7A4F7556}") = "IdentityMicroservice", "src\microservices\IdentityMicroservice\IdentityMicroservice.csproj", "{84EEF1DC-4687-40E9-BC3C-4C8C80EF875D}"
EndProject
Project("{9A19103F-16F7-4668-BE54-9A1E7A4F7556}") = "BackendGateway", "src\gateways\BackendGateway\BackendGateway.csproj", "{74553010-C29F-4927-A234-5F7D7207E4BE}"
EndProject
Project("{9A19103F-16F7-4668-BE54-9A1E7A4F7556}") = "CompanyMicroservice", "src\microservices\CompanyMicroservice\CompanyMicroservice.csproj", "{C8BF6069-3C6A-4B23-BE21-09F500D0522A}"
EndProject
Project("{9A19103F-16F7-4668-BE54-9A1E7A4F7556}") = "AttendenceMicroservice", "src\microservices\AttendenceMicroservice\AttendenceMicroservice.csproj", "{814835C7-9B73-4237-AEFA-4D4F7644B4C9}"
EndProject
Project("{9A19103F-16F7-4668-BE54-9A1E7A4F7556}") = "LeaveMicroservice", "src\microservices\LeaveMicroservice\LeaveMicroservice.csproj", "{854A7610-32DE-4698-8746-092605537E8B}"
EndProject
Project("{9A19103F-16F7-4668-BE54-9A1E7A4F7556}") = "PayrollMicroservice", "src\microservices\PayrollMicroservice\PayrollMicroservice.csproj", "{5D9030FA-B783-4950-B985-641F9CD5298B}"
EndProject
Project("{FAE04EC0-301F-11D3-BF4B-00C04F79EFBC}") = "RoleMicroservice", "src\microservices\RoleMicroservice\RoleMicroservice.csproj", "{72696568-4853-458E-B59E-FC53852CB3BC}"
EndProject
Global
	GlobalSection(SolutionConfigurationPlatforms) = preSolution
		Debug|Any CPU = Debug|Any CPU
		Release|Any CPU = Release|Any CPU
	EndGlobalSection
	GlobalSection(ProjectConfigurationPlatforms) = postSolution
		{2D3C353A-58A2-441F-AF30-F14AE08A0D53}.Debug|Any CPU.ActiveCfg = Debug|Any CPU
		{2D3C353A-58A2-441F-AF30-F14AE08A0D53}.Debug|Any CPU.Build.0 = Debug|Any CPU
		{2D3C353A-58A2-441F-AF30-F14AE08A0D53}.Release|Any CPU.ActiveCfg = Release|Any CPU
		{2D3C353A-58A2-441F-AF30-F14AE08A0D53}.Release|Any CPU.Build.0 = Release|Any CPU
		{2E898CDE-8B5F-41E6-82B6-5C08329AB10F}.Debug|Any CPU.ActiveCfg = Debug|Any CPU
		{2E898CDE-8B5F-41E6-82B6-5C08329AB10F}.Debug|Any CPU.Build.0 = Debug|Any CPU
		{2E898CDE-8B5F-41E6-82B6-5C08329AB10F}.Release|Any CPU.ActiveCfg = Release|Any CPU
		{2E898CDE-8B5F-41E6-82B6-5C08329AB10F}.Release|Any CPU.Build.0 = Release|Any CPU
		{84EEF1DC-4687-40E9-BC3C-4C8C80EF875D}.Debug|Any CPU.ActiveCfg = Debug|Any CPU
		{84EEF1DC-4687-40E9-BC3C-4C8C80EF875D}.Debug|Any CPU.Build.0 = Debug|Any CPU
		{84EEF1DC-4687-40E9-BC3C-4C8C80EF875D}.Release|Any CPU.ActiveCfg = Release|Any CPU
		{84EEF1DC-4687-40E9-BC3C-4C8C80EF875D}.Release|Any CPU.Build.0 = Release|Any CPU
		{74553010-C29F-4927-A234-5F7D7207E4BE}.Debug|Any CPU.ActiveCfg = Debug|Any CPU
		{74553010-C29F-4927-A234-5F7D7207E4BE}.Debug|Any CPU.Build.0 = Debug|Any CPU
		{74553010-C29F-4927-A234-5F7D7207E4BE}.Release|Any CPU.ActiveCfg = Release|Any CPU
		{74553010-C29F-4927-A234-5F7D7207E4BE}.Release|Any CPU.Build.0 = Release|Any CPU
		{C8BF6069-3C6A-4B23-BE21-09F500D0522A}.Debug|Any CPU.ActiveCfg = Debug|Any CPU
		{C8BF6069-3C6A-4B23-BE21-09F500D0522A}.Debug|Any CPU.Build.0 = Debug|Any CPU
		{C8BF6069-3C6A-4B23-BE21-09F500D0522A}.Release|Any CPU.ActiveCfg = Release|Any CPU
		{C8BF6069-3C6A-4B23-BE21-09F500D0522A}.Release|Any CPU.Build.0 = Release|Any CPU
		{814835C7-9B73-4237-AEFA-4D4F7644B4C9}.Debug|Any CPU.ActiveCfg = Debug|Any CPU
		{814835C7-9B73-4237-AEFA-4D4F7644B4C9}.Debug|Any CPU.Build.0 = Debug|Any CPU
		{814835C7-9B73-4237-AEFA-4D4F7644B4C9}.Release|Any CPU.ActiveCfg = Release|Any CPU
		{814835C7-9B73-4237-AEFA-4D4F7644B4C9}.Release|Any CPU.Build.0 = Release|Any CPU
		{854A7610-32DE-4698-8746-092605537E8B}.Debug|Any CPU.ActiveCfg = Debug|Any CPU
		{854A7610-32DE-4698-8746-092605537E8B}.Debug|Any CPU.Build.0 = Debug|Any CPU
		{854A7610-32DE-4698-8746-092605537E8B}.Release|Any CPU.ActiveCfg = Release|Any CPU
		{854A7610-32DE-4698-8746-092605537E8B}.Release|Any CPU.Build.0 = Release|Any CPU
		{5D9030FA-B783-4950-B985-641F9CD5298B}.Debug|Any CPU.ActiveCfg = Debug|Any CPU
		{5D9030FA-B783-4950-B985-641F9CD5298B}.Debug|Any CPU.Build.0 = Debug|Any CPU
		{5D9030FA-B783-4950-B985-641F9CD5298B}.Release|Any CPU.ActiveCfg = Release|Any CPU
		{5D9030FA-B783-4950-B985-641F9CD5298B}.Release|Any CPU.Build.0 = Release|Any CPU
		{72696568-4853-458E-B59E-FC53852CB3BC}.Debug|Any CPU.ActiveCfg = Debug|Any CPU
		{72696568-4853-458E-B59E-FC53852CB3BC}.Debug|Any CPU.Build.0 = Debug|Any CPU
		{72696568-4853-458E-B59E-FC53852CB3BC}.Release|Any CPU.ActiveCfg = Release|Any CPU
		{72696568-4853-458E-B59E-FC53852CB3BC}.Release|Any CPU.Build.0 = Release|Any CPU
	EndGlobalSection
	GlobalSection(SolutionProperties) = preSolution
		HideSolutionNode = FALSE
	EndGlobalSection
	GlobalSection(NestedProjects) = preSolution
		{042ED3CA-A7DF-444D-BF87-74D141194F79} = {53D175BF-8A45-4A27-9E6B-8805AACA9039}
		{30F65353-DA97-4A1B-926E-A4BB440B5252} = {53D175BF-8A45-4A27-9E6B-8805AACA9039}
		{0AAB48AF-69D4-4064-9DC7-E32B5B1834B9} = {53D175BF-8A45-4A27-9E6B-8805AACA9039}
		{2D3C353A-58A2-441F-AF30-F14AE08A0D53} = {0AAB48AF-69D4-4064-9DC7-E32B5B1834B9}
		{2E898CDE-8B5F-41E6-82B6-5C08329AB10F} = {96A12110-8F68-4D26-818F-0977C264AD6B}
		{84EEF1DC-4687-40E9-BC3C-4C8C80EF875D} = {042ED3CA-A7DF-444D-BF87-74D141194F79}
		{74553010-C29F-4927-A234-5F7D7207E4BE} = {30F65353-DA97-4A1B-926E-A4BB440B5252}
		{C8BF6069-3C6A-4B23-BE21-09F500D0522A} = {042ED3CA-A7DF-444D-BF87-74D141194F79}
		{814835C7-9B73-4237-AEFA-4D4F7644B4C9} = {042ED3CA-A7DF-444D-BF87-74D141194F79}
		{854A7610-32DE-4698-8746-092605537E8B} = {042ED3CA-A7DF-444D-BF87-74D141194F79}
		{5D9030FA-B783-4950-B985-641F9CD5298B} = {042ED3CA-A7DF-444D-BF87-74D141194F79}
		{72696568-4853-458E-B59E-FC53852CB3BC} = {042ED3CA-A7DF-444D-BF87-74D141194F79}
	EndGlobalSection
	GlobalSection(ExtensibilityGlobals) = postSolution
		SolutionGuid = {3E9C2E20-DA7D-46EC-B9E4-9E0D1D7F62B2}
	EndGlobalSection
EndGlobal
